{
    "_readme": [
        "This file locks the dependencies of your project to a known state",
        "Read more about it at https://getcomposer.org/doc/01-basic-usage.md#installing-dependencies",
        "This file is @generated automatically"
    ],
    "content-hash": "40f8ae8b0d18aa9b5063dd29399ece66",
    "packages": [
        {
            "name": "analogic/lescript",
            "version": "0.2.4",
            "source": {
                "type": "git",
                "url": "https://github.com/analogic/lescript.git",
                "reference": "b826ce0196012b44bf62d263367a1b905f494bda"
            },
            "dist": {
                "type": "zip",
                "url": "https://api.github.com/repos/analogic/lescript/zipball/b826ce0196012b44bf62d263367a1b905f494bda",
                "reference": "b826ce0196012b44bf62d263367a1b905f494bda",
                "shasum": ""
            },
            "require": {
                "ext-curl": "*",
                "ext-json": "*",
                "ext-openssl": "*",
                "php": ">=5.3"
            },
            "require-dev": {
                "psr/log": "^1"
            },
            "type": "library",
            "autoload": {
                "files": [
                    "Lescript.php"
                ]
            },
            "notification-url": "https://packagist.org/downloads/",
            "license": [
                "BSD"
            ],
            "authors": [
                {
                    "name": "Stanislav Humplik",
                    "email": "sh@analogic.cz",
                    "homepage": "https://analogic.cz",
                    "role": "Developer"
                }
            ],
            "description": "Lescript is simplified concept of ACME client implementation especially for Let's encrypt service. It's goal is to have one easy to use PHP file without dependencies.",
            "keywords": [
                "ACME",
                "encryption",
                "letsencrypt"
            ],
            "time": "2019-10-01T10:15:49+00:00"
        }
    ],
    "packages-dev": [],
    "aliases": [],
    "minimum-stability": "stable",
    "stability-flags": [],
    "prefer-stable": false,
    "prefer-lowest": false,
    "platform": [],
    "platform-dev": []
}
